// !$*UTF8*$!
{
	archiveVersion = 1;
	classes = {
	};
	objectVersion = 56;
	objects = {

/* Begin PBXBuildFile section */
		13ED58D62A64C27700920504 /* SwiftUI_Funamentals_Basic_Components_StarterApp.swift in Sources */ = {isa = PBXBuildFile; fileRef = 13ED58D52A64C27700920504 /* SwiftUI_Funamentals_Basic_Components_StarterApp.swift */; };
		13ED58D82A64C27700920504 /* ContentView.swift in Sources */ = {isa = PBXBuildFile; fileRef = 13ED58D72A64C27700920504 /* ContentView.swift */; };
		13ED58DA2A64C27800920504 /* Assets.xcassets in Resources */ = {isa = PBXBuildFile; fileRef = 13ED58D92A64C27800920504 /* Assets.xcassets */; };
		13ED58DE2A64C27800920504 /* Preview Assets.xcassets in Resources */ = {isa = PBXBuildFile; fileRef = 13ED58DD2A64C27800920504 /* Preview Assets.xcassets */; };
		13ED58E82A64C27900920504 /* SwiftUI_Funamentals_Basic_Components_StarterTests.swift in Sources */ = {isa = PBXBuildFile; fileRef = 13ED58E72A64C27900920504 /* SwiftUI_Funamentals_Basic_Components_StarterTests.swift */; };
		13ED58F22A64C27900920504 /* SwiftUI_Funamentals_Basic_Components_StarterUITests.swift in Sources */ = {isa = PBXBuildFile; fileRef = 13ED58F12A64C27900920504 /* SwiftUI_Funamentals_Basic_Components_StarterUITests.swift */; };
		13ED58F42A64C27900920504 /* SwiftUI_Funamentals_Basic_Components_StarterUITestsLaunchTests.swift in Sources */ = {isa = PBXBuildFile; fileRef = 13ED58F32A64C27900920504 /* SwiftUI_Funamentals_Basic_Components_StarterUITestsLaunchTests.swift */; };
/* End PBXBuildFile section */

/* Begin PBXContainerItemProxy section */
		13ED58E42A64C27900920504 /* PBXContainerItemProxy */ = {
			isa = PBXContainerItemProxy;
			containerPortal = 13ED58CA2A64C27700920504 /* Project object */;
			proxyType = 1;
			remoteGlobalIDString = 13ED58D12A64C27700920504;
			remoteInfo = SwiftUI_Funamentals_Basic_Components_Starter;
		};
		13ED58EE2A64C27900920504 /* PBXContainerItemProxy */ = {
			isa = PBXContainerItemProxy;
			containerPortal = 13ED58CA2A64C27700920504 /* Project object */;
			proxyType = 1;
			remoteGlobalIDString = 13ED58D12A64C27700920504;
			remoteInfo = SwiftUI_Funamentals_Basic_Components_Starter;
		};
/* End PBXContainerItemProxy section */

/* Begin PBXFileReference section */
		13ED58D22A64C27700920504 /* SwiftUI_Funamentals_Basic_Components_Starter.app */ = {isa = PBXFileReference; explicitFileType = wrapper.application; includeInIndex = 0; path = SwiftUI_Funamentals_Basic_Components_Starter.app; sourceTree = BUILT_PRODUCTS_DIR; };
		13ED58D52A64C27700920504 /* SwiftUI_Funamentals_Basic_Components_StarterApp.swift */ = {isa = PBXFileReference; lastKnownFileType = sourcecode.swift; path = SwiftUI_Funamentals_Basic_Components_StarterApp.swift; sourceTree = "<group>"; };
		13ED58D72A64C27700920504 /* ContentView.swift */ = {isa = PBXFileReference; lastKnownFileType = sourcecode.swift; path = ContentView.swift; sourceTree = "<group>"; };
		13ED58D92A64C27800920504 /* Assets.xcassets */ = {isa = PBXFileReference; lastKnownFileType = folder.assetcatalog; path = Assets.xcassets; sourceTree = "<group>"; };
		13ED58DB2A64C27800920504 /* SwiftUI_Funamentals_Basic_Components_Starter.entitlements */ = {isa = PBXFileReference; lastKnownFileType = text.plist.entitlements; path = SwiftUI_Funamentals_Basic_Components_Starter.entitlements; sourceTree = "<group>"; };
		13ED58DD2A64C27800920504 /* Preview Assets.xcassets */ = {isa = PBXFileReference; lastKnownFileType = folder.assetcatalog; path = "Preview Assets.xcassets"; sourceTree = "<group>"; };
		13ED58E32A64C27900920504 /* SwiftUI_Funamentals_Basic_Components_StarterTests.xctest */ = {isa = PBXFileReference; explicitFileType = wrapper.cfbundle; includeInIndex = 0; path = SwiftUI_Funamentals_Basic_Components_StarterTests.xctest; sourceTree = BUILT_PRODUCTS_DIR; };
		13ED58E72A64C27900920504 /* SwiftUI_Funamentals_Basic_Components_StarterTests.swift */ = {isa = PBXFileReference; lastKnownFileType = sourcecode.swift; path = SwiftUI_Funamentals_Basic_Components_StarterTests.swift; sourceTree = "<group>"; };
		13ED58ED2A64C27900920504 /* SwiftUI_Funamentals_Basic_Components_StarterUITests.xctest */ = {isa = PBXFileReference; explicitFileType = wrapper.cfbundle; includeInIndex = 0; path = SwiftUI_Funamentals_Basic_Components_StarterUITests.xctest; sourceTree = BUILT_PRODUCTS_DIR; };
		13ED58F12A64C27900920504 /* SwiftUI_Funamentals_Basic_Components_StarterUITests.swift */ = {isa = PBXFileReference; lastKnownFileType = sourcecode.swift; path = SwiftUI_Funamentals_Basic_Components_StarterUITests.swift; sourceTree = "<group>"; };
		13ED58F32A64C27900920504 /* SwiftUI_Funamentals_Basic_Components_StarterUITestsLaunchTests.swift */ = {isa = PBXFileReference; lastKnownFileType = sourcecode.swift; path = SwiftUI_Funamentals_Basic_Components_StarterUITestsLaunchTests.swift; sourceTree = "<group>"; };
/* End PBXFileReference section */

/* Begin PBXFrameworksBuildPhase section */
		13ED58CF2A64C27700920504 /* Frameworks */ = {
			isa = PBXFrameworksBuildPhase;
			buildActionMask = 2147483647;
			files = (
			);
			runOnlyForDeploymentPostprocessing = 0;
		};
		13ED58E02A64C27900920504 /* Frameworks */ = {
			isa = PBXFrameworksBuildPhase;
			buildActionMask = 2147483647;
			files = (
			);
			runOnlyForDeploymentPostprocessing = 0;
		};
		13ED58EA2A64C27900920504 /* Frameworks */ = {
			isa = PBXFrameworksBuildPhase;
			buildActionMask = 2147483647;
			files = (
			);
			runOnlyForDeploymentPostprocessing = 0;
		};
/* End PBXFrameworksBuildPhase section */

/* Begin PBXGroup section */
		13ED58C92A64C27700920504 = {
			isa = PBXGroup;
			children = (
				13ED58D42A64C27700920504 /* SwiftUI_Funamentals_Basic_Components_Starter */,
				13ED58E62A64C27900920504 /* SwiftUI_Funamentals_Basic_Components_StarterTests */,
				13ED58F02A64C27900920504 /* SwiftUI_Funamentals_Basic_Components_StarterUITests */,
				13ED58D32A64C27700920504 /* Products */,
			);
			sourceTree = "<group>";
		};
		13ED58D32A64C27700920504 /* Products */ = {
			isa = PBXGroup;
			children = (
				13ED58D22A64C27700920504 /* SwiftUI_Funamentals_Basic_Components_Starter.app */,
				13ED58E32A64C27900920504 /* SwiftUI_Funamentals_Basic_Components_StarterTests.xctest */,
				13ED58ED2A64C27900920504 /* SwiftUI_Funamentals_Basic_Components_StarterUITests.xctest */,
			);
			name = Products;
			sourceTree = "<group>";
		};
		13ED58D42A64C27700920504 /* SwiftUI_Funamentals_Basic_Components_Starter */ = {
			isa = PBXGroup;
			children = (
				13ED58D52A64C27700920504 /* SwiftUI_Funamentals_Basic_Components_StarterApp.swift */,
				13ED58D72A64C27700920504 /* ContentView.swift */,
				13ED58D92A64C27800920504 /* Assets.xcassets */,
				13ED58DB2A64C27800920504 /* SwiftUI_Funamentals_Basic_Components_Starter.entitlements */,
				13ED58DC2A64C27800920504 /* Preview Content */,
			);
			path = SwiftUI_Funamentals_Basic_Components_Starter;
			sourceTree = "<group>";
		};
		13ED58DC2A64C27800920504 /* Preview Content */ = {
			isa = PBXGroup;
			children = (
				13ED58DD2A64C27800920504 /* Preview Assets.xcassets */,
			);
			path = "Preview Content";
			sourceTree = "<group>";
		};
		13ED58E62A64C27900920504 /* SwiftUI_Funamentals_Basic_Components_StarterTests */ = {
			isa = PBXGroup;
			children = (
				13ED58E72A64C27900920504 /* SwiftUI_Funamentals_Basic_Components_StarterTests.swift */,
			);
			path = SwiftUI_Funamentals_Basic_Components_StarterTests;
			sourceTree = "<group>";
		};
		13ED58F02A64C27900920504 /* SwiftUI_Funamentals_Basic_Components_StarterUITests */ = {
			isa = PBXGroup;
			children = (
				13ED58F12A64C27900920504 /* SwiftUI_Funamentals_Basic_Components_StarterUITests.swift */,
				13ED58F32A64C27900920504 /* SwiftUI_Funamentals_Basic_Components_StarterUITestsLaunchTests.swift */,
			);
			path = SwiftUI_Funamentals_Basic_Components_StarterUITests;
			sourceTree = "<group>";
		};
/* End PBXGroup section */

/* Begin PBXNativeTarget section */
		13ED58D12A64C27700920504 /* SwiftUI_Funamentals_Basic_Components_Starter */ = {
			isa = PBXNativeTarget;
			buildConfigurationList = 13ED58F72A64C27900920504 /* Build configuration list for PBXNativeTarget "SwiftUI_Funamentals_Basic_Components_Starter" */;
			buildPhases = (
				13ED58CE2A64C27700920504 /* Sources */,
				13ED58CF2A64C27700920504 /* Frameworks */,
				13ED58D02A64C27700920504 /* Resources */,
			);
			buildRules = (
			);
			dependencies = (
			);
			name = SwiftUI_Funamentals_Basic_Components_Starter;
			productName = SwiftUI_Funamentals_Basic_Components_Starter;
			productReference = 13ED58D22A64C27700920504 /* SwiftUI_Funamentals_Basic_Components_Starter.app */;
			productType = "com.apple.product-type.application";
		};
		13ED58E22A64C27900920504 /* SwiftUI_Funamentals_Basic_Components_StarterTests */ = {
			isa = PBXNativeTarget;
			buildConfigurationList = 13ED58FA2A64C27900920504 /* Build configuration list for PBXNativeTarget "SwiftUI_Funamentals_Basic_Components_StarterTests" */;
			buildPhases = (
				13ED58DF2A64C27900920504 /* Sources */,
				13ED58E02A64C27900920504 /* Frameworks */,
				13ED58E12A64C27900920504 /* Resources */,
			);
			buildRules = (
			);
			dependencies = (
				13ED58E52A64C27900920504 /* PBXTargetDependency */,
			);
			name = SwiftUI_Funamentals_Basic_Components_StarterTests;
			productName = SwiftUI_Funamentals_Basic_Components_StarterTests;
			productReference = 13ED58E32A64C27900920504 /* SwiftUI_Funamentals_Basic_Components_StarterTests.xctest */;
			productType = "com.apple.product-type.bundle.unit-test";
		};
		13ED58EC2A64C27900920504 /* SwiftUI_Funamentals_Basic_Components_StarterUITests */ = {
			isa = PBXNativeTarget;
			buildConfigurationList = 13ED58FD2A64C27900920504 /* Build configuration list for PBXNativeTarget "SwiftUI_Funamentals_Basic_Components_StarterUITests" */;
			buildPhases = (
				13ED58E92A64C27900920504 /* Sources */,
				13ED58EA2A64C27900920504 /* Frameworks */,
				13ED58EB2A64C27900920504 /* Resources */,
			);
			buildRules = (
			);
			dependencies = (
				13ED58EF2A64C27900920504 /* PBXTargetDependency */,
			);
			name = SwiftUI_Funamentals_Basic_Components_StarterUITests;
			productName = SwiftUI_Funamentals_Basic_Components_StarterUITests;
			productReference = 13ED58ED2A64C27900920504 /* SwiftUI_Funamentals_Basic_Components_StarterUITests.xctest */;
			productType = "com.apple.product-type.bundle.ui-testing";
		};
/* End PBXNativeTarget section */

/* Begin PBXProject section */
		13ED58CA2A64C27700920504 /* Project object */ = {
			isa = PBXProject;
			attributes = {
				BuildIndependentTargetsInParallel = 1;
				LastSwiftUpdateCheck = 1430;
				LastUpgradeCheck = 1430;
				TargetAttributes = {
					13ED58D12A64C27700920504 = {
						CreatedOnToolsVersion = 14.3.1;
					};
					13ED58E22A64C27900920504 = {
						CreatedOnToolsVersion = 14.3.1;
						TestTargetID = 13ED58D12A64C27700920504;
					};
					13ED58EC2A64C27900920504 = {
						CreatedOnToolsVersion = 14.3.1;
						TestTargetID = 13ED58D12A64C27700920504;
					};
				};
			};
			buildConfigurationList = 13ED58CD2A64C27700920504 /* Build configuration list for PBXProject "SwiftUI_Funamentals_Basic_Components_Starter" */;
			compatibilityVersion = "Xcode 14.0";
			developmentRegion = en;
			hasScannedForEncodings = 0;
			knownRegions = (
				en,
				Base,
			);
			mainGroup = 13ED58C92A64C27700920504;
			productRefGroup = 13ED58D32A64C27700920504 /* Products */;
			projectDirPath = "";
			projectRoot = "";
			targets = (
				13ED58D12A64C27700920504 /* SwiftUI_Funamentals_Basic_Components_Starter */,
				13ED58E22A64C27900920504 /* SwiftUI_Funamentals_Basic_Components_StarterTests */,
				13ED58EC2A64C27900920504 /* SwiftUI_Funamentals_Basic_Components_StarterUITests */,
			);
		};
/* End PBXProject section */

/* Begin PBXResourcesBuildPhase section */
		13ED58D02A64C27700920504 /* Resources */ = {
			isa = PBXResourcesBuildPhase;
			buildActionMask = 2147483647;
			files = (
				13ED58DE2A64C27800920504 /* Preview Assets.xcassets in Resources */,
				13ED58DA2A64C27800920504 /* Assets.xcassets in Resources */,
			);
			runOnlyForDeploymentPostprocessing = 0;
		};
		13ED58E12A64C27900920504 /* Resources */ = {
			isa = PBXResourcesBuildPhase;
			buildActionMask = 2147483647;
			files = (
			);
			runOnlyForDeploymentPostprocessing = 0;
		};
		13ED58EB2A64C27900920504 /* Resources */ = {
			isa = PBXResourcesBuildPhase;
			buildActionMask = 2147483647;
			files = (
			);
			runOnlyForDeploymentPostprocessing = 0;
		};
/* End PBXResourcesBuildPhase section */

/* Begin PBXSourcesBuildPhase section */
		13ED58CE2A64C27700920504 /* Sources */ = {
			isa = PBXSourcesBuildPhase;
			buildActionMask = 2147483647;
			files = (
				13ED58D82A64C27700920504 /* ContentView.swift in Sources */,
				13ED58D62A64C27700920504 /* SwiftUI_Funamentals_Basic_Components_StarterApp.swift in Sources */,
			);
			runOnlyForDeploymentPostprocessing = 0;
		};
		13ED58DF2A64C27900920504 /* Sources */ = {
			isa = PBXSourcesBuildPhase;
			buildActionMask = 2147483647;
			files = (
				13ED58E82A64C27900920504 /* SwiftUI_Funamentals_Basic_Components_StarterTests.swift in Sources */,
			);
			runOnlyForDeploymentPostprocessing = 0;
		};
		13ED58E92A64C27900920504 /* Sources */ = {
			isa = PBXSourcesBuildPhase;
			buildActionMask = 2147483647;
			files = (
				13ED58F42A64C27900920504 /* SwiftUI_Funamentals_Basic_Components_StarterUITestsLaunchTests.swift in Sources */,
				13ED58F22A64C27900920504 /* SwiftUI_Funamentals_Basic_Components_StarterUITests.swift in Sources */,
			);
			runOnlyForDeploymentPostprocessing = 0;
		};
/* End PBXSourcesBuildPhase section */

/* Begin PBXTargetDependency section */
		13ED58E52A64C27900920504 /* PBXTargetDependency */ = {
			isa = PBXTargetDependency;
			target = 13ED58D12A64C27700920504 /* SwiftUI_Funamentals_Basic_Components_Starter */;
			targetProxy = 13ED58E42A64C27900920504 /* PBXContainerItemProxy */;
		};
		13ED58EF2A64C27900920504 /* PBXTargetDependency */ = {
			isa = PBXTargetDependency;
			target = 13ED58D12A64C27700920504 /* SwiftUI_Funamentals_Basic_Components_Starter */;
			targetProxy = 13ED58EE2A64C27900920504 /* PBXContainerItemProxy */;
		};
/* End PBXTargetDependency section */

/* Begin XCBuildConfiguration section */
		13ED58F52A64C27900920504 /* Debug */ = {
			isa = XCBuildConfiguration;
			buildSettings = {
				ALWAYS_SEARCH_USER_PATHS = NO;
				CLANG_ANALYZER_NONNULL = YES;
				CLANG_ANALYZER_NUMBER_OBJECT_CONVERSION = YES_AGGRESSIVE;
				CLANG_CXX_LANGUAGE_STANDARD = "gnu++20";
				CLANG_ENABLE_MODULES = YES;
				CLANG_ENABLE_OBJC_ARC = YES;
				CLANG_ENABLE_OBJC_WEAK = YES;
				CLANG_WARN_BLOCK_CAPTURE_AUTORELEASING = YES;
				CLANG_WARN_BOOL_CONVERSION = YES;
				CLANG_WARN_COMMA = YES;
				CLANG_WARN_CONSTANT_CONVERSION = YES;
				CLANG_WARN_DEPRECATED_OBJC_IMPLEMENTATIONS = YES;
				CLANG_WARN_DIRECT_OBJC_ISA_USAGE = YES_ERROR;
				CLANG_WARN_DOCUMENTATION_COMMENTS = YES;
				CLANG_WARN_EMPTY_BODY = YES;
				CLANG_WARN_ENUM_CONVERSION = YES;
				CLANG_WARN_INFINITE_RECURSION = YES;
				CLANG_WARN_INT_CONVERSION = YES;
				CLANG_WARN_NON_LITERAL_NULL_CONVERSION = YES;
				CLANG_WARN_OBJC_IMPLICIT_RETAIN_SELF = YES;
				CLANG_WARN_OBJC_LITERAL_CONVERSION = YES;
				CLANG_WARN_OBJC_ROOT_CLASS = YES_ERROR;
				CLANG_WARN_QUOTED_INCLUDE_IN_FRAMEWORK_HEADER = YES;
				CLANG_WARN_RANGE_LOOP_ANALYSIS = YES;
				CLANG_WARN_STRICT_PROTOTYPES = YES;
				CLANG_WARN_SUSPICIOUS_MOVE = YES;
				CLANG_WARN_UNGUARDED_AVAILABILITY = YES_AGGRESSIVE;
				CLANG_WARN_UNREACHABLE_CODE = YES;
				CLANG_WARN__DUPLICATE_METHOD_MATCH = YES;
				COPY_PHASE_STRIP = NO;
				DEBUG_INFORMATION_FORMAT = dwarf;
				ENABLE_STRICT_OBJC_MSGSEND = YES;
				ENABLE_TESTABILITY = YES;
				GCC_C_LANGUAGE_STANDARD = gnu11;
				GCC_DYNAMIC_NO_PIC = NO;
				GCC_NO_COMMON_BLOCKS = YES;
				GCC_OPTIMIZATION_LEVEL = 0;
				GCC_PREPROCESSOR_DEFINITIONS = (
					"DEBUG=1",
					"$(inherited)",
				);
				GCC_WARN_64_TO_32_BIT_CONVERSION = YES;
				GCC_WARN_ABOUT_RETURN_TYPE = YES_ERROR;
				GCC_WARN_UNDECLARED_SELECTOR = YES;
				GCC_WARN_UNINITIALIZED_AUTOS = YES_AGGRESSIVE;
				GCC_WARN_UNUSED_FUNCTION = YES;
				GCC_WARN_UNUSED_VARIABLE = YES;
				MTL_ENABLE_DEBUG_INFO = INCLUDE_SOURCE;
				MTL_FAST_MATH = YES;
				ONLY_ACTIVE_ARCH = YES;
				SWIFT_ACTIVE_COMPILATION_CONDITIONS = DEBUG;
				SWIFT_OPTIMIZATION_LEVEL = "-Onone";
			};
			name = Debug;
		};
		13ED58F62A64C27900920504 /* Release */ = {
			isa = XCBuildConfiguration;
			buildSettings = {
				ALWAYS_SEARCH_USER_PATHS = NO;
				CLANG_ANALYZER_NONNULL = YES;
				CLANG_ANALYZER_NUMBER_OBJECT_CONVERSION = YES_AGGRESSIVE;
				CLANG_CXX_LANGUAGE_STANDARD = "gnu++20";
				CLANG_ENABLE_MODULES = YES;
				CLANG_ENABLE_OBJC_ARC = YES;
				CLANG_ENABLE_OBJC_WEAK = YES;
				CLANG_WARN_BLOCK_CAPTURE_AUTORELEASING = YES;
				CLANG_WARN_BOOL_CONVERSION = YES;
				CLANG_WARN_COMMA = YES;
				CLANG_WARN_CONSTANT_CONVERSION = YES;
				CLANG_WARN_DEPRECATED_OBJC_IMPLEMENTATIONS = YES;
				CLANG_WARN_DIRECT_OBJC_ISA_USAGE = YES_ERROR;
				CLANG_WARN_DOCUMENTATION_COMMENTS = YES;
				CLANG_WARN_EMPTY_BODY = YES;
				CLANG_WARN_ENUM_CONVERSION = YES;
				CLANG_WARN_INFINITE_RECURSION = YES;
				CLANG_WARN_INT_CONVERSION = YES;
				CLANG_WARN_NON_LITERAL_NULL_CONVERSION = YES;
				CLANG_WARN_OBJC_IMPLICIT_RETAIN_SELF = YES;
				CLANG_WARN_OBJC_LITERAL_CONVERSION = YES;
				CLANG_WARN_OBJC_ROOT_CLASS = YES_ERROR;
				CLANG_WARN_QUOTED_INCLUDE_IN_FRAMEWORK_HEADER = YES;
				CLANG_WARN_RANGE_LOOP_ANALYSIS = YES;
				CLANG_WARN_STRICT_PROTOTYPES = YES;
				CLANG_WARN_SUSPICIOUS_MOVE = YES;
				CLANG_WARN_UNGUARDED_AVAILABILITY = YES_AGGRESSIVE;
				CLANG_WARN_UNREACHABLE_CODE = YES;
				CLANG_WARN__DUPLICATE_METHOD_MATCH = YES;
				COPY_PHASE_STRIP = NO;
				DEBUG_INFORMATION_FORMAT = "dwarf-with-dsym";
				ENABLE_NS_ASSERTIONS = NO;
				ENABLE_STRICT_OBJC_MSGSEND = YES;
				GCC_C_LANGUAGE_STANDARD = gnu11;
				GCC_NO_COMMON_BLOCKS = YES;
				GCC_WARN_64_TO_32_BIT_CONVERSION = YES;
				GCC_WARN_ABOUT_RETURN_TYPE = YES_ERROR;
				GCC_WARN_UNDECLARED_SELECTOR = YES;
				GCC_WARN_UNINITIALIZED_AUTOS = YES_AGGRESSIVE;
				GCC_WARN_UNUSED_FUNCTION = YES;
				GCC_WARN_UNUSED_VARIABLE = YES;
				MTL_ENABLE_DEBUG_INFO = NO;
				MTL_FAST_MATH = YES;
				SWIFT_COMPILATION_MODE = wholemodule;
				SWIFT_OPTIMIZATION_LEVEL = "-O";
			};
			name = Release;
		};
		13ED58F82A64C27900920504 /* Debug */ = {
			isa = XCBuildConfiguration;
			buildSettings = {
				ASSETCATALOG_COMPILER_APPICON_NAME = AppIcon;
				ASSETCATALOG_COMPILER_GLOBAL_ACCENT_COLOR_NAME = AccentColor;
				CODE_SIGN_ENTITLEMENTS = SwiftUI_Funamentals_Basic_Components_Starter/SwiftUI_Funamentals_Basic_Components_Starter.entitlements;
				CODE_SIGN_STYLE = Automatic;
				CURRENT_PROJECT_VERSION = 1;
				DEVELOPMENT_ASSET_PATHS = "\"SwiftUI_Funamentals_Basic_Components_Starter/Preview Content\"";
				ENABLE_PREVIEWS = YES;
				GENERATE_INFOPLIST_FILE = YES;
				"INFOPLIST_KEY_UIApplicationSceneManifest_Generation[sdk=iphoneos*]" = YES;
				"INFOPLIST_KEY_UIApplicationSceneManifest_Generation[sdk=iphonesimulator*]" = YES;
				"INFOPLIST_KEY_UIApplicationSupportsIndirectInputEvents[sdk=iphoneos*]" = YES;
				"INFOPLIST_KEY_UIApplicationSupportsIndirectInputEvents[sdk=iphonesimulator*]" = YES;
				"INFOPLIST_KEY_UILaunchScreen_Generation[sdk=iphoneos*]" = YES;
				"INFOPLIST_KEY_UILaunchScreen_Generation[sdk=iphonesimulator*]" = YES;
				"INFOPLIST_KEY_UIStatusBarStyle[sdk=iphoneos*]" = UIStatusBarStyleDefault;
				"INFOPLIST_KEY_UIStatusBarStyle[sdk=iphonesimulator*]" = UIStatusBarStyleDefault;
				INFOPLIST_KEY_UISupportedInterfaceOrientations_iPad = "UIInterfaceOrientationPortrait UIInterfaceOrientationPortraitUpsideDown UIInterfaceOrientationLandscapeLeft UIInterfaceOrientationLandscapeRight";
				INFOPLIST_KEY_UISupportedInterfaceOrientations_iPhone = "UIInterfaceOrientationPortrait UIInterfaceOrientationLandscapeLeft UIInterfaceOrientationLandscapeRight";
				IPHONEOS_DEPLOYMENT_TARGET = 16.4;
				LD_RUNPATH_SEARCH_PATHS = "@executable_path/Frameworks";
				"LD_RUNPATH_SEARCH_PATHS[sdk=macosx*]" = "@executable_path/../Frameworks";
				MACOSX_DEPLOYMENT_TARGET = 13.3;
				MARKETING_VERSION = 1.0;
				PRODUCT_BUNDLE_IDENTIFIER = "MobileMinds.SwiftUI-Funamentals-Basic-Components-Starter";
				PRODUCT_NAME = "$(TARGET_NAME)";
				SDKROOT = auto;
				SUPPORTED_PLATFORMS = "iphoneos iphonesimulator macosx";
				SWIFT_EMIT_LOC_STRINGS = YES;
				SWIFT_VERSION = 5.0;
				TARGETED_DEVICE_FAMILY = "1,2";
			};
			name = Debug;
		};
		13ED58F92A64C27900920504 /* Release */ = {
			isa = XCBuildConfiguration;
			buildSettings = {
				ASSETCATALOG_COMPILER_APPICON_NAME = AppIcon;
				ASSETCATALOG_COMPILER_GLOBAL_ACCENT_COLOR_NAME = AccentColor;
				CODE_SIGN_ENTITLEMENTS = SwiftUI_Funamentals_Basic_Components_Starter/SwiftUI_Funamentals_Basic_Components_Starter.entitlements;
				CODE_SIGN_STYLE = Automatic;
				CURRENT_PROJECT_VERSION = 1;
				DEVELOPMENT_ASSET_PATHS = "\"SwiftUI_Funamentals_Basic_Components_Starter/Preview Content\"";
				ENABLE_PREVIEWS = YES;
				GENERATE_INFOPLIST_FILE = YES;
				"INFOPLIST_KEY_UIApplicationSceneManifest_Generation[sdk=iphoneos*]" = YES;
				"INFOPLIST_KEY_UIApplicationSceneManifest_Generation[sdk=iphonesimulator*]" = YES;
				"INFOPLIST_KEY_UIApplicationSupportsIndirectInputEvents[sdk=iphoneos*]" = YES;
				"INFOPLIST_KEY_UIApplicationSupportsIndirectInputEvents[sdk=iphonesimulator*]" = YES;
				"INFOPLIST_KEY_UILaunchScreen_Generation[sdk=iphoneos*]" = YES;
				"INFOPLIST_KEY_UILaunchScreen_Generation[sdk=iphonesimulator*]" = YES;
				"INFOPLIST_KEY_UIStatusBarStyle[sdk=iphoneos*]" = UIStatusBarStyleDefault;
				"INFOPLIST_KEY_UIStatusBarStyle[sdk=iphonesimulator*]" = UIStatusBarStyleDefault;
				INFOPLIST_KEY_UISupportedInterfaceOrientations_iPad = "UIInterfaceOrientationPortrait UIInterfaceOrientationPortraitUpsideDown UIInterfaceOrientationLandscapeLeft UIInterfaceOrientationLandscapeRight";
				INFOPLIST_KEY_UISupportedInterfaceOrientations_iPhone = "UIInterfaceOrientationPortrait UIInterfaceOrientationLandscapeLeft UIInterfaceOrientationLandscapeRight";
				IPHONEOS_DEPLOYMENT_TARGET = 16.4;
				LD_RUNPATH_SEARCH_PATHS = "@executable_path/Frameworks";
				"LD_RUNPATH_SEARCH_PATHS[sdk=macosx*]" = "@executable_path/../Frameworks";
				MACOSX_DEPLOYMENT_TARGET = 13.3;
				MARKETING_VERSION = 1.0;
				PRODUCT_BUNDLE_IDENTIFIER = "MobileMinds.SwiftUI-Funamentals-Basic-Components-Starter";
				PRODUCT_NAME = "$(TARGET_NAME)";
				SDKROOT = auto;
				SUPPORTED_PLATFORMS = "iphoneos iphonesimulator macosx";
				SWIFT_EMIT_LOC_STRINGS = YES;
				SWIFT_VERSION = 5.0;
				TARGETED_DEVICE_FAMILY = "1,2";
			};
			name = Release;
		};
		13ED58FB2A64C27900920504 /* Debug */ = {
			isa = XCBuildConfiguration;
			buildSettings = {
				ALWAYS_EMBED_SWIFT_STANDARD_LIBRARIES = YES;
				BUNDLE_LOADER = "$(TEST_HOST)";
				CODE_SIGN_STYLE = Automatic;
				CURRENT_PROJECT_VERSION = 1;
				GENERATE_INFOPLIST_FILE = YES;
				IPHONEOS_DEPLOYMENT_TARGET = 16.4;
				MACOSX_DEPLOYMENT_TARGET = 13.3;
				MARKETING_VERSION = 1.0;
				PRODUCT_BUNDLE_IDENTIFIER = "MobileMinds.SwiftUI-Funamentals-Basic-Components-StarterTests";
				PRODUCT_NAME = "$(TARGET_NAME)";
				SDKROOT = auto;
				SUPPORTED_PLATFORMS = "iphoneos iphonesimulator macosx";
				SWIFT_EMIT_LOC_STRINGS = NO;
				SWIFT_VERSION = 5.0;
				TARGETED_DEVICE_FAMILY = "1,2";
				TEST_HOST = "$(BUILT_PRODUCTS_DIR)/SwiftUI_Funamentals_Basic_Components_Starter.app/$(BUNDLE_EXECUTABLE_FOLDER_PATH)/SwiftUI_Funamentals_Basic_Components_Starter";
			};
			name = Debug;
		};
		13ED58FC2A64C27900920504 /* Release */ = {
			isa = XCBuildConfiguration;
			buildSettings = {
				ALWAYS_EMBED_SWIFT_STANDARD_LIBRARIES = YES;
				BUNDLE_LOADER = "$(TEST_HOST)";
				CODE_SIGN_STYLE = Automatic;
				CURRENT_PROJECT_VERSION = 1;
				GENERATE_INFOPLIST_FILE = YES;
				IPHONEOS_DEPLOYMENT_TARGET = 16.4;
				MACOSX_DEPLOYMENT_TARGET = 13.3;
				MARKETING_VERSION = 1.0;
				PRODUCT_BUNDLE_IDENTIFIER = "MobileMinds.SwiftUI-Funamentals-Basic-Components-StarterTests";
				PRODUCT_NAME = "$(TARGET_NAME)";
				SDKROOT = auto;
				SUPPORTED_PLATFORMS = "iphoneos iphonesimulator macosx";
				SWIFT_EMIT_LOC_STRINGS = NO;
				SWIFT_VERSION = 5.0;
				TARGETED_DEVICE_FAMILY = "1,2";
				TEST_HOST = "$(BUILT_PRODUCTS_DIR)/SwiftUI_Funamentals_Basic_Components_Starter.app/$(BUNDLE_EXECUTABLE_FOLDER_PATH)/SwiftUI_Funamentals_Basic_Components_Starter";
			};
			name = Release;
		};
		13ED58FE2A64C27900920504 /* Debug */ = {
			isa = XCBuildConfiguration;
			buildSettings = {
				ALWAYS_EMBED_SWIFT_STANDARD_LIBRARIES = YES;
				CODE_SIGN_STYLE = Automatic;
				CURRENT_PROJECT_VERSION = 1;
				GENERATE_INFOPLIST_FILE = YES;
				IPHONEOS_DEPLOYMENT_TARGET = 16.4;
				MACOSX_DEPLOYMENT_TARGET = 13.3;
				MARKETING_VERSION = 1.0;
				PRODUCT_BUNDLE_IDENTIFIER = "MobileMinds.SwiftUI-Funamentals-Basic-Components-StarterUITests";
				PRODUCT_NAME = "$(TARGET_NAME)";
				SDKROOT = auto;
				SUPPORTED_PLATFORMS = "iphoneos iphonesimulator macosx";
				SWIFT_EMIT_LOC_STRINGS = NO;
				SWIFT_VERSION = 5.0;
				TARGETED_DEVICE_FAMILY = "1,2";
				TEST_TARGET_NAME = SwiftUI_Funamentals_Basic_Components_Starter;
			};
			name = Debug;
		};
		13ED58FF2A64C27900920504 /* Release */ = {
			isa = XCBuildConfiguration;
			buildSettings = {
				ALWAYS_EMBED_SWIFT_STANDARD_LIBRARIES = YES;
				CODE_SIGN_STYLE = Automatic;
				CURRENT_PROJECT_VERSION = 1;
				GENERATE_INFOPLIST_FILE = YES;
				IPHONEOS_DEPLOYMENT_TARGET = 16.4;
				MACOSX_DEPLOYMENT_TARGET = 13.3;
				MARKETING_VERSION = 1.0;
				PRODUCT_BUNDLE_IDENTIFIER = "MobileMinds.SwiftUI-Funamentals-Basic-Components-StarterUITests";
				PRODUCT_NAME = "$(TARGET_NAME)";
				SDKROOT = auto;
				SUPPORTED_PLATFORMS = "iphoneos iphonesimulator macosx";
				SWIFT_EMIT_LOC_STRINGS = NO;
				SWIFT_VERSION = 5.0;
				TARGETED_DEVICE_FAMILY = "1,2";
				TEST_TARGET_NAME = SwiftUI_Funamentals_Basic_Components_Starter;
			};
			name = Release;
		};
/* End XCBuildConfiguration section */

/* Begin XCConfigurationList section */
		13ED58CD2A64C27700920504 /* Build configuration list for PBXProject "SwiftUI_Funamentals_Basic_Components_Starter" */ = {
			isa = XCConfigurationList;
			buildConfigurations = (
				13ED58F52A64C27900920504 /* Debug */,
				13ED58F62A64C27900920504 /* Release */,
			);
			defaultConfigurationIsVisible = 0;
			defaultConfigurationName = Release;
		};
		13ED58F72A64C27900920504 /* Build configuration list for PBXNativeTarget "SwiftUI_Funamentals_Basic_Components_Starter" */ = {
			isa = XCConfigurationList;
			buildConfigurations = (
				13ED58F82A64C27900920504 /* Debug */,
				13ED58F92A64C27900920504 /* Release */,
			);
			defaultConfigurationIsVisible = 0;
			defaultConfigurationName = Release;
		};
		13ED58FA2A64C27900920504 /* Build configuration list for PBXNativeTarget "SwiftUI_Funamentals_Basic_Components_StarterTests" */ = {
			isa = XCConfigurationList;
			buildConfigurations = (
				13ED58FB2A64C27900920504 /* Debug */,
				13ED58FC2A64C27900920504 /* Release */,
			);
			defaultConfigurationIsVisible = 0;
			defaultConfigurationName = Release;
		};
		13ED58FD2A64C27900920504 /* Build configuration list for PBXNativeTarget "SwiftUI_Funamentals_Basic_Components_StarterUITests" */ = {
			isa = XCConfigurationList;
			buildConfigurations = (
				13ED58FE2A64C27900920504 /* Debug */,
				13ED58FF2A64C27900920504 /* Release */,
			);
			defaultConfigurationIsVisible = 0;
			defaultConfigurationName = Release;
		};
/* End XCConfigurationList section */
	};
	rootObject = 13ED58CA2A64C27700920504 /* Project object */;
}
